github.com/OhYee/goutil v0.0.0-20190904142923-f417d150a96f h1:rJpTtd+5X0CxASALWJUvjTimGgF0qZho06RGJCKNM0Y=
github.com/OhYee/goutil v0.0.0-20190904142923-f417d150a96f/go.mod h1:w7BSfmRjVXujT0V1Pw6xSNDj/izVL0ichuQrzKK2BKg=
github.com/OhYee/goutil v0.0.0-20190916025450-48c8607b022f h1:TL5dcuCLVVPnBELrn1qH6cbVikixwf/GTEJtbXcMat4=
github.com/OhYee/goutil v0.0.0-20190916025450-48c8607b022f/go.mod h1:w7BSfmRjVXujT0V1Pw6xSNDj/izVL0ichuQrzKK2BKg=
github.com/OhYee/goutils v0.0.0-20191204050123-4891fd89d899/go.mod h1:RqaQ1bD+sQAq7zQ/1vAtaojWoFznhAFdWDsMZr7SgkA=
github.com/OhYee/goutils v0.0.0-20200116131114-505a8ec6e393 h1:xmqmEEFfZ/CqfLCYTJc6j7amCTcrx073tPoTNiZOt9I=
github.com/OhYee/goutils v0.0.0-20200116131114-505a8ec6e393/go.mod h1:RqaQ1bD+sQAq7zQ/1vAtaojWoFznhAFdWDsMZr7SgkA=
github.com/OhYee/goutils v0.0.0-20200120145102-1fedfc93c251 h1:eJtPSO81qdsUxIxRcI9NMGqqf+yxYnYB0h+O0meoH9U=
github.com/OhYee/goutils v0.0.0-20200120145102-1fedfc93c251/go.mod h1:RqaQ1bD+sQAq7zQ/1vAtaojWoFznhAFdWDsMZr7SgkA=
github.com/OhYee/rainbow v0.0.0-20191216131638-b29c73c1cc83 h1:1IQA4cPdXDzVektSsp/HkRXj0VS/uHfVXITN8PcdqhI=
github.com/OhYee/rainbow v0.0.0-20191216131638-b29c73c1cc83/go.mod h1:N7lMsUEVv57QF4Epb5Tmj4reIFtPoXzp6tACrUHmlb4=
github.com/klauspost/cpuid v1.2.2 h1:1xAgYebNnsb9LKCdLOvFWtAxGU/33mjJtyOVbmUa0Us=
github.com/klauspost/cpuid v1.2.2/go.mod h1:Pj4uuM528wm8OyEC2QMXAi2YiTZ96dNQPGgoMS4s3ek=
github.com/klauspost/reedsolomon v1.9.3 h1:N/VzgeMfHmLc+KHMD1UL/tNkfXAt8FnUqlgXGIduwAY=
github.com/klauspost/reedsolomon v1.9.3/go.mod h1:CwCi+NUr9pqSVktrkN+Ondf06rkhYZ/pcNv7fu+8Un4=
github.com/pkg/errors v0.9.1 h1:FEBLx1zS214owpjy7qsBeixbURkuhQAwrK5UwLGTwt4=
github.com/pkg/errors v0.9.1/go.mod h1:bwawxfHBFNV+L2hUp1rHADufV3IMtnDRdf1r5NINEl0=
github.com/templexxx/cpufeat v0.0.0-20180724012125-cef66df7f161 h1:89CEmDvlq/F7SJEOqkIdNDGJXrQIhuIx9D2DBXjavSU=
github.com/templexxx/cpufeat v0.0.0-20180724012125-cef66df7f161/go.mod h1:wM7WEvslTq+iOEAMDLSzhVuOt5BRZ05WirO+b09GHQU=
github.com/templexxx/xor v0.0.0-20191217153810-f85b25db303b h1:fj5tQ8acgNUr6O8LEplsxDhUIe2573iLkJc+PqnzZTI=
github.com/templexxx/xor v0.0.0-20191217153810-f85b25db303b/go.mod h1:5XA7W9S6mni3h5uvOC75dA3m9CCCaS83lltmc0ukdi4=
github.com/tjfoc/gmsm v1.2.0 h1:oTXUFetR8GphwGmUUxWFxrRZJTaDcZo1Lt2mRxlVzEI=
github.com/tjfoc/gmsm v1.2.0/go.mod h1:HaUcFuY0auTiaHB9MHFGCPx5IaLhTUd2atbCFBQXn9w=
github.com/xtaci/kcp-go v5.4.20+incompatible h1:TN1uey3Raw0sTz0Fg8GkfM0uH3YwzhnZWQ1bABv5xAg=
github.com/xtaci/kcp-go v5.4.20+incompatible/go.mod h1:bN6vIwHQbfHaHtFpEssmWsN45a+AZwO7eyRCmEIbtvE=
golang.org/x/crypto v0.0.0-20190308221718-c2843e01d9a2 h1:VklqNMn3ovrHsnt90PveolxSbWFaJdECFbxSq0Mqo2M=
golang.org/x/crypto v0.0.0-20190308221718-c2843e01d9a2/go.mod h1:djNgcEr1/C05ACkg1iLfiJU5Ep61QUkGW8qpdssI0+w=
golang.org/x/crypto v0.0.0-20191219195013-becbf705a915/go.mod h1:LzIPMQfyMNhhGPhUkYOs5KpL4U8rLKemX1yGLhDgUto=
golang.org/x/crypto v0.0.0-20200117160349-530e935923ad h1:Jh8cai0fqIK+f6nG0UgPW5wFk8wmiMhM3AyciDBdtQg=
golang.org/x/crypto v0.0.0-20200117160349-530e935923ad/go.mod h1:LzIPMQfyMNhhGPhUkYOs5KpL4U8rLKemX1yGLhDgUto=
golang.org/x/net v0.0.0-20190404232315-eb5bcb51f2a3/go.mod h1:t9HGtf8HONx5eT2rtn7q6eTqICYqUVnKs3thJo3Qplg=
golang.org/x/net v0.0.0-20200114155413-6afb5195e5aa h1:F+8P+gmewFQYRk6JoLQLwjBCTu3mcIURZfNkVweuRKA=
golang.org/x/net v0.0.0-20200114155413-6afb5195e5aa/go.mod h1:z5CRVTTTmAJ677TzLLGU+0bjPO0LkuOLi4/5GtJWs/s=
golang.org/x/sys v0.0.0-20190215142949-d0b11bdaac8a h1:1BGLXjeY4akVXGgbC9HugT3Jv3hCI0z56oJR5vAMgBU=
golang.org/x/sys v0.0.0-20190215142949-d0b11bdaac8a/go.mod h1:STP8DvDyc/dI5b8T5hshtkjS+E42TnysNCUPdjciGhY=
golang.org/x/sys v0.0.0-20190412213103-97732733099d h1:+R4KGOnez64A81RvjARKc4UT5/tI9ujCIVX+P5KiHuI=
golang.org/x/sys v0.0.0-20190412213103-97732733099d/go.mod h1:h1NjWce9XRLGQEsW7wpKNCjG9DtNlClVuFLEZdDNbEs=
golang.org/x/text v0.3.0/go.mod h1:NqM8EUOU14njkJ3fqMW+pc6Ldnwhi/IjpwHt7yyuwOQ=
